<?xml version="1.0" encoding="utf-8"?>
<Project ToolsVersion="4.0" xmlns="http://schemas.microsoft.com/developer/msbuild/2003">
  <ItemGroup>
    <Filter Include="Source Files">
      <UniqueIdentifier>{4FC737F1-C7A5-4376-A066-2A32D752A2FF}</UniqueIdentifier>
      <Extensions>cpp;c;cc;cxx;def;odl;idl;hpj;bat;asm;asmx</Extensions>
    </Filter>
    <Filter Include="Header Files">
      <UniqueIdentifier>{93995380-89BD-4b04-88EB-625FBE52EBFB}</UniqueIdentifier>
      <Extensions>h;hh;hpp;hxx;hm;inl;inc;ipp;xsd</Extensions>
    </Filter>
    <Filter Include="Resource Files">
      <UniqueIdentifier>{67DA6AB6-F800-4c08-8B7A-83BB121AAD01}</UniqueIdentifier>
      <Extensions>rc;ico;cur;bmp;dlg;rc2;rct;bin;rgs;gif;jpg;jpeg;jpe;resx;tiff;tif;png;wav;mfcribbon-ms</Extensions>
    </Filter>
    <Filter Include="Header Files\Model">
      <UniqueIdentifier>{57d34bba-7d5e-4a0b-805a-8e5752f7afb0}</UniqueIdentifier>
    </Filter>
    <Filter Include="Source Files\Model">
      <UniqueIdentifier>{1fc63cce-fec6-420e-aa91-56b8b2fff8fe}</UniqueIdentifier>
    </Filter>
  </ItemGroup>
  <ItemGroup>
    <ClInclude Include="stdafx.h">
      <Filter>Header Files</Filter>
    </ClInclude>
    <ClInclude Include="targetver.h">
      <Filter>Header Files</Filter>
    </ClInclude>
    <ClInclude Include="Sy2CustomVisitor.h">
      <Filter>Header Files</Filter>
    </ClInclude>
    <ClInclude Include="..\Antlr4Generator\Cpp\Output\Sy2BaseListener.h">
      <Filter>Header Files</Filter>
    </ClInclude>
    <ClInclude Include="..\Antlr4Generator\Cpp\Output\Sy2BaseVisitor.h">
      <Filter>Header Files</Filter>
    </ClInclude>
    <ClInclude Include="..\Antlr4Generator\Cpp\Output\Sy2Lexer.h">
      <Filter>Header Files</Filter>
    </ClInclude>
    <ClInclude Include="..\Antlr4Generator\Cpp\Output\Sy2Listener.h">
      <Filter>Header Files</Filter>
    </ClInclude>
    <ClInclude Include="..\Antlr4Generator\Cpp\Output\Sy2Parser.h">
      <Filter>Header Files</Filter>
    </ClInclude>
    <ClInclude Include="..\Antlr4Generator\Cpp\Output\Sy2Visitor.h">
      <Filter>Header Files</Filter>
    </ClInclude>
    <ClInclude Include="..\Antlr4Generator\Cpp\Output\Sign2016BaseListener.h">
      <Filter>Header Files</Filter>
    </ClInclude>
    <ClInclude Include="..\Antlr4Generator\Cpp\Output\Sign2016BaseVisitor.h">
      <Filter>Header Files</Filter>
    </ClInclude>
    <ClInclude Include="..\Antlr4Generator\Cpp\Output\Sign2016Lexer.h">
      <Filter>Header Files</Filter>
    </ClInclude>
    <ClInclude Include="..\Antlr4Generator\Cpp\Output\Sign2016Listener.h">
      <Filter>Header Files</Filter>
    </ClInclude>
    <ClInclude Include="..\Antlr4Generator\Cpp\Output\Sign2016Parser.h">
      <Filter>Header Files</Filter>
    </ClInclude>
    <ClInclude Include="..\Antlr4Generator\Cpp\Output\Sign2016Visitor.h">
      <Filter>Header Files</Filter>
    </ClInclude>
    <ClInclude Include="Node.h">
      <Filter>Header Files\Model</Filter>
    </ClInclude>
    <ClInclude Include="CompositeNode.h">
      <Filter>Header Files\Model</Filter>
    </ClInclude>
    <ClInclude Include="LeafNode.h">
      <Filter>Header Files\Model</Filter>
    </ClInclude>
    <ClInclude Include="File.h">
      <Filter>Header Files\Model</Filter>
    </ClInclude>
    <ClInclude Include="Symbol.h">
      <Filter>Header Files\Model</Filter>
    </ClInclude>
    <ClInclude Include="Command.h">
      <Filter>Header Files\Model</Filter>
    </ClInclude>
    <ClInclude Include="Type.h">
      <Filter>Header Files\Model</Filter>
    </ClInclude>
    <ClInclude Include="Name.h">
      <Filter>Header Files\Model</Filter>
    </ClInclude>
    <ClInclude Include="Sign2016CustomVisitor.h">
      <Filter>Header Files</Filter>
    </ClInclude>
    <ClInclude Include="Sign2016CustomListener.h">
      <Filter>Header Files</Filter>
    </ClInclude>
    <ClInclude Include="Position.h">
      <Filter>Header Files\Model</Filter>
    </ClInclude>
    <ClInclude Include="Bitmask.h">
      <Filter>Header Files\Model</Filter>
    </ClInclude>
    <ClInclude Include="Offset.h">
      <Filter>Header Files\Model</Filter>
    </ClInclude>
    <ClInclude Include="Address.h">
      <Filter>Header Files\Model</Filter>
    </ClInclude>
    <ClInclude Include="Signature.h">
      <Filter>Header Files\Model</Filter>
    </ClInclude>
    <ClInclude Include="CmdValue.h">
      <Filter>Header Files\Model</Filter>
    </ClInclude>
    <ClInclude Include="EnumValue.h">
      <Filter>Header Files\Model</Filter>
    </ClInclude>
    <ClInclude Include="Sy2CustomListener.h">
      <Filter>Header Files</Filter>
    </ClInclude>
    <ClInclude Include="Sy2Node.h">
      <Filter>Header Files\Model</Filter>
    </ClInclude>
    <ClInclude Include="StructType.h">
      <Filter>Header Files\Model</Filter>
    </ClInclude>
    <ClInclude Include="TypeQualifier.h">
      <Filter>Header Files\Model</Filter>
    </ClInclude>
    <ClInclude Include="UIntType.h">
      <Filter>Header Files\Model</Filter>
    </ClInclude>
    <ClInclude Include="StorageSize.h">
      <Filter>Header Files\Model</Filter>
    </ClInclude>
    <ClInclude Include="VoidType.h">
      <Filter>Header Files\Model</Filter>
    </ClInclude>
    <ClInclude Include="IntType.h">
      <Filter>Header Files\Model</Filter>
    </ClInclude>
    <ClInclude Include="FloatType.h">
      <Filter>Header Files\Model</Filter>
    </ClInclude>
    <ClInclude Include="PtrType.h">
      <Filter>Header Files\Model</Filter>
    </ClInclude>
    <ClInclude Include="Function.h">
      <Filter>Header Files\Model</Filter>
    </ClInclude>
    <ClInclude Include="ArraySize.h">
      <Filter>Header Files\Model</Filter>
    </ClInclude>
    <ClInclude Include="ReturnType.h">
      <Filter>Header Files\Model</Filter>
    </ClInclude>
    <ClInclude Include="ParamType.h">
      <Filter>Header Files\Model</Filter>
    </ClInclude>
    <ClInclude Include="Unspecified.h">
      <Filter>Header Files\Model</Filter>
    </ClInclude>
    <ClInclude Include="BoolType.h">
      <Filter>Header Files\Model</Filter>
    </ClInclude>
    <ClInclude Include="TypeDefinition.h">
      <Filter>Header Files\Model</Filter>
    </ClInclude>
    <ClInclude Include="Sy2ErrorListener.h">
      <Filter>Header Files</Filter>
    </ClInclude>
    <ClInclude Include="Sign2016ErrorListener.h">
      <Filter>Header Files</Filter>
    </ClInclude>
  </ItemGroup>
  <ItemGroup>
    <ClCompile Include="stdafx.cpp">
      <Filter>Source Files</Filter>
    </ClCompile>
    <ClCompile Include="Sy2Parser.Cpp.cpp">
      <Filter>Source Files</Filter>
    </ClCompile>
    <ClCompile Include="dllmain.cpp">
      <Filter>Source Files</Filter>
    </ClCompile>
    <ClCompile Include="Sy2CustomVisitor.cpp">
      <Filter>Source Files</Filter>
    </ClCompile>
    <ClCompile Include="..\Antlr4Generator\Cpp\Output\Sy2BaseListener.cpp">
      <Filter>Source Files</Filter>
    </ClCompile>
    <ClCompile Include="..\Antlr4Generator\Cpp\Output\Sy2BaseVisitor.cpp">
      <Filter>Source Files</Filter>
    </ClCompile>
    <ClCompile Include="..\Antlr4Generator\Cpp\Output\Sy2Lexer.cpp">
      <Filter>Source Files</Filter>
    </ClCompile>
    <ClCompile Include="..\Antlr4Generator\Cpp\Output\Sy2Listener.cpp">
      <Filter>Source Files</Filter>
    </ClCompile>
    <ClCompile Include="..\Antlr4Generator\Cpp\Output\Sy2Parser.cpp">
      <Filter>Source Files</Filter>
    </ClCompile>
    <ClCompile Include="..\Antlr4Generator\Cpp\Output\Sy2Visitor.cpp">
      <Filter>Source Files</Filter>
    </ClCompile>
    <ClCompile Include="..\Antlr4Generator\Cpp\Output\Sign2016BaseListener.cpp">
      <Filter>Source Files</Filter>
    </ClCompile>
    <ClCompile Include="..\Antlr4Generator\Cpp\Output\Sign2016BaseVisitor.cpp">
      <Filter>Source Files</Filter>
    </ClCompile>
    <ClCompile Include="..\Antlr4Generator\Cpp\Output\Sign2016Lexer.cpp">
      <Filter>Source Files</Filter>
    </ClCompile>
    <ClCompile Include="..\Antlr4Generator\Cpp\Output\Sign2016Listener.cpp">
      <Filter>Source Files</Filter>
    </ClCompile>
    <ClCompile Include="..\Antlr4Generator\Cpp\Output\Sign2016Parser.cpp">
      <Filter>Source Files</Filter>
    </ClCompile>
    <ClCompile Include="..\Antlr4Generator\Cpp\Output\Sign2016Visitor.cpp">
      <Filter>Source Files</Filter>
    </ClCompile>
    <ClCompile Include="Sign2016CustomVisitor.cpp">
      <Filter>Source Files</Filter>
    </ClCompile>
    <ClCompile Include="Sign2016CustomListener.cpp">
      <Filter>Source Files</Filter>
    </ClCompile>
    <ClCompile Include="Sy2CustomListener.cpp">
      <Filter>Source Files</Filter>
    </ClCompile>
    <ClCompile Include="Sy2ErrorListener.cpp">
      <Filter>Source Files</Filter>
    </ClCompile>
    <ClCompile Include="Sign2016ErrorListener.cpp">
      <Filter>Source Files</Filter>
    </ClCompile>
  </ItemGroup>
</Project>